
Microsoft Visual Studio Solution File, Format Version 12.00
# Visual Studio Version 16
VisualStudioVersion = 16.0.30114.105
MinimumVisualStudioVersion = 10.0.40219.1
Project("{FAE04EC0-301F-11D3-BF4B-00C04F79EFBC}") = "CapacityManagementAPI", "CapacityManagementAPI\CapacityManagementAPI.csproj", "{D716ED7A-2FA7-46F0-8A2C-C325954AC524}"
EndProject
Global
	GlobalSection(SolutionConfigurationPlatforms) = preSolution
		Debug|Any CPU = Debug|Any CPU
		Release|Any CPU = Release|Any CPU
	EndGlobalSection
	GlobalSection(ProjectConfigurationPlatforms) = postSolution
		{D716ED7A-2FA7-46F0-8A2C-C325954AC524}.Debug|Any CPU.ActiveCfg = Debug|Any CPU
		{D716ED7A-2FA7-46F0-8A2C-C325954AC524}.Debug|Any CPU.Build.0 = Debug|Any CPU
		{D716ED7A-2FA7-46F0-8A2C-C325954AC524}.Release|Any CPU.ActiveCfg = Release|Any CPU
		{D716ED7A-2FA7-46F0-8A2C-C325954AC524}.Release|Any CPU.Build.0 = Release|Any CPU
	EndGlobalSection
	GlobalSection(SolutionProperties) = preSolution
		HideSolutionNode = FALSE
	EndGlobalSection
	GlobalSection(ExtensibilityGlobals) = postSolution
		SolutionGuid = {2EAD04BD-63DD-4E12-921C-3EB89EE2D6F9}
	EndGlobalSection
EndGlobal
